
Microsoft Visual Studio Solution File, Format Version 12.00
# Visual Studio 15
VisualStudioVersion = 15.0.28307.1022
MinimumVisualStudioVersion = 10.0.40219.1
Project("{FAE04EC0-301F-11D3-BF4B-00C04F79EFBC}") = "Цифровка в центре", "Цифровка в центре\Цифровка в центре.csproj", "{AFA5BA59-62D0-475C-B344-1D0E8A097E31}"
EndProject
Global
	GlobalSection(SolutionConfigurationPlatforms) = preSolution
		Debug|Any CPU = Debug|Any CPU
		Release|Any CPU = Release|Any CPU
	EndGlobalSection
	GlobalSection(ProjectConfigurationPlatforms) = postSolution
		{AFA5BA59-62D0-475C-B344-1D0E8A097E31}.Debug|Any CPU.ActiveCfg = Debug|Any CPU
		{AFA5BA59-62D0-475C-B344-1D0E8A097E31}.Debug|Any CPU.Build.0 = Debug|Any CPU
		{AFA5BA59-62D0-475C-B344-1D0E8A097E31}.Release|Any CPU.ActiveCfg = Release|Any CPU
		{AFA5BA59-62D0-475C-B344-1D0E8A097E31}.Release|Any CPU.Build.0 = Release|Any CPU
	EndGlobalSection
	GlobalSection(SolutionProperties) = preSolution
		HideSolutionNode = FALSE
	EndGlobalSection
	GlobalSection(ExtensibilityGlobals) = postSolution
		SolutionGuid = {DE463239-F645-4B96-859F-4F51E184920C}
	EndGlobalSection
EndGlobal
