
Microsoft Visual Studio Solution File, Format Version 12.00
# Visual Studio 15
VisualStudioVersion = 15.0.28307.1022
MinimumVisualStudioVersion = 10.0.40219.1
Project("{FAE04EC0-301F-11D3-BF4B-00C04F79EFBC}") = "class", "class\class.csproj", "{7EE2C7E0-AF61-44DD-9A45-59EA9499A42D}"
EndProject
Global
	GlobalSection(SolutionConfigurationPlatforms) = preSolution
		Debug|Any CPU = Debug|Any CPU
		Release|Any CPU = Release|Any CPU
	EndGlobalSection
	GlobalSection(ProjectConfigurationPlatforms) = postSolution
		{7EE2C7E0-AF61-44DD-9A45-59EA9499A42D}.Debug|Any CPU.ActiveCfg = Debug|Any CPU
		{7EE2C7E0-AF61-44DD-9A45-59EA9499A42D}.Debug|Any CPU.Build.0 = Debug|Any CPU
		{7EE2C7E0-AF61-44DD-9A45-59EA9499A42D}.Release|Any CPU.ActiveCfg = Release|Any CPU
		{7EE2C7E0-AF61-44DD-9A45-59EA9499A42D}.Release|Any CPU.Build.0 = Release|Any CPU
	EndGlobalSection
	GlobalSection(SolutionProperties) = preSolution
		HideSolutionNode = FALSE
	EndGlobalSection
	GlobalSection(ExtensibilityGlobals) = postSolution
		SolutionGuid = {1D5AA1AC-EA5D-4EAA-BA52-BC7FD2D2D54E}
	EndGlobalSection
EndGlobal
